
Microsoft Visual Studio Solution File, Format Version 12.00
# Visual Studio Version 17
VisualStudioVersion = 17.6.33815.320
MinimumVisualStudioVersion = 10.0.40219.1
Project("{FAE04EC0-301F-11D3-BF4B-00C04F79EFBC}") = "lab_1", "lab_1\lab_1.csproj", "{CC81FEBD-D4A6-435F-A1C3-22979D03750E}"
EndProject
Global
	GlobalSection(SolutionConfigurationPlatforms) = preSolution
		Debug|Any CPU = Debug|Any CPU
		Release|Any CPU = Release|Any CPU
	EndGlobalSection
	GlobalSection(ProjectConfigurationPlatforms) = postSolution
		{CC81FEBD-D4A6-435F-A1C3-22979D03750E}.Debug|Any CPU.ActiveCfg = Debug|Any CPU
		{CC81FEBD-D4A6-435F-A1C3-22979D03750E}.Debug|Any CPU.Build.0 = Debug|Any CPU
		{CC81FEBD-D4A6-435F-A1C3-22979D03750E}.Release|Any CPU.ActiveCfg = Release|Any CPU
		{CC81FEBD-D4A6-435F-A1C3-22979D03750E}.Release|Any CPU.Build.0 = Release|Any CPU
	EndGlobalSection
	GlobalSection(SolutionProperties) = preSolution
		HideSolutionNode = FALSE
	EndGlobalSection
	GlobalSection(ExtensibilityGlobals) = postSolution
		SolutionGuid = {046446AA-EC0A-4A14-9037-F332C6067D03}
	EndGlobalSection
EndGlobal
